// !$*UTF8*$!
{
	archiveVersion = 1;
	classes = {
	};
	objectVersion = 50;
	objects = {

/* Begin PBXBuildFile section */
		6F82992924C3D75D00C2D311 /* AppDelegate.swift in Sources */ = {isa = PBXBuildFile; fileRef = 6F82992824C3D75D00C2D311 /* AppDelegate.swift */; };
		6F82992F24C3D76400C2D311 /* Assets.xcassets in Resources */ = {isa = PBXBuildFile; fileRef = 6F82992E24C3D76300C2D311 /* Assets.xcassets */; };
		6F82993224C3D76400C2D311 /* Preview Assets.xcassets in Resources */ = {isa = PBXBuildFile; fileRef = 6F82993124C3D76400C2D311 /* Preview Assets.xcassets */; };
		6F82994024C3D76400C2D311 /* SampleDemoTests.swift in Sources */ = {isa = PBXBuildFile; fileRef = 6F82993F24C3D76400C2D311 /* SampleDemoTests.swift */; };
		6F82994B24C3D76400C2D311 /* SampleDemoUITests.swift in Sources */ = {isa = PBXBuildFile; fileRef = 6F82994A24C3D76400C2D311 /* SampleDemoUITests.swift */; };
		6F82995924C3D97F00C2D311 /* ViewController.swift in Sources */ = {isa = PBXBuildFile; fileRef = 6F82995824C3D97F00C2D311 /* ViewController.swift */; };
/* End PBXBuildFile section */

/* Begin PBXContainerItemProxy section */
		6F82993C24C3D76400C2D311 /* PBXContainerItemProxy */ = {
			isa = PBXContainerItemProxy;
			containerPortal = 6F82991D24C3D75D00C2D311 /* Project object */;
			proxyType = 1;
			remoteGlobalIDString = 6F82992424C3D75D00C2D311;
			remoteInfo = SampleDemo;
		};
		6F82994724C3D76400C2D311 /* PBXContainerItemProxy */ = {
			isa = PBXContainerItemProxy;
			containerPortal = 6F82991D24C3D75D00C2D311 /* Project object */;
			proxyType = 1;
			remoteGlobalIDString = 6F82992424C3D75D00C2D311;
			remoteInfo = SampleDemo;
		};
/* End PBXContainerItemProxy section */

/* Begin PBXFileReference section */
		6F82992524C3D75D00C2D311 /* SampleDemo.app */ = {isa = PBXFileReference; explicitFileType = wrapper.application; includeInIndex = 0; path = SampleDemo.app; sourceTree = BUILT_PRODUCTS_DIR; };
		6F82992824C3D75D00C2D311 /* AppDelegate.swift */ = {isa = PBXFileReference; lastKnownFileType = sourcecode.swift; path = AppDelegate.swift; sourceTree = "<group>"; };
		6F82992E24C3D76300C2D311 /* Assets.xcassets */ = {isa = PBXFileReference; lastKnownFileType = folder.assetcatalog; path = Assets.xcassets; sourceTree = "<group>"; };
		6F82993124C3D76400C2D311 /* Preview Assets.xcassets */ = {isa = PBXFileReference; lastKnownFileType = folder.assetcatalog; path = "Preview Assets.xcassets"; sourceTree = "<group>"; };
		6F82993624C3D76400C2D311 /* Info.plist */ = {isa = PBXFileReference; lastKnownFileType = text.plist.xml; path = Info.plist; sourceTree = "<group>"; };
		6F82993B24C3D76400C2D311 /* SampleDemoTests.xctest */ = {isa = PBXFileReference; explicitFileType = wrapper.cfbundle; includeInIndex = 0; path = SampleDemoTests.xctest; sourceTree = BUILT_PRODUCTS_DIR; };
		6F82993F24C3D76400C2D311 /* SampleDemoTests.swift */ = {isa = PBXFileReference; lastKnownFileType = sourcecode.swift; path = SampleDemoTests.swift; sourceTree = "<group>"; };
		6F82994124C3D76400C2D311 /* Info.plist */ = {isa = PBXFileReference; lastKnownFileType = text.plist.xml; path = Info.plist; sourceTree = "<group>"; };
		6F82994624C3D76400C2D311 /* SampleDemoUITests.xctest */ = {isa = PBXFileReference; explicitFileType = wrapper.cfbundle; includeInIndex = 0; path = SampleDemoUITests.xctest; sourceTree = BUILT_PRODUCTS_DIR; };
		6F82994A24C3D76400C2D311 /* SampleDemoUITests.swift */ = {isa = PBXFileReference; lastKnownFileType = sourcecode.swift; path = SampleDemoUITests.swift; sourceTree = "<group>"; };
		6F82994C24C3D76400C2D311 /* Info.plist */ = {isa = PBXFileReference; lastKnownFileType = text.plist.xml; path = Info.plist; sourceTree = "<group>"; };
		6F82995824C3D97F00C2D311 /* ViewController.swift */ = {isa = PBXFileReference; lastKnownFileType = sourcecode.swift; path = ViewController.swift; sourceTree = "<group>"; };
/* End PBXFileReference section */

/* Begin PBXFrameworksBuildPhase section */
		6F82992224C3D75D00C2D311 /* Frameworks */ = {
			isa = PBXFrameworksBuildPhase;
			buildActionMask = 2147483647;
			files = (
			);
			runOnlyForDeploymentPostprocessing = 0;
		};
		6F82993824C3D76400C2D311 /* Frameworks */ = {
			isa = PBXFrameworksBuildPhase;
			buildActionMask = 2147483647;
			files = (
			);
			runOnlyForDeploymentPostprocessing = 0;
		};
		6F82994324C3D76400C2D311 /* Frameworks */ = {
			isa = PBXFrameworksBuildPhase;
			buildActionMask = 2147483647;
			files = (
			);
			runOnlyForDeploymentPostprocessing = 0;
		};
/* End PBXFrameworksBuildPhase section */

/* Begin PBXGroup section */
		6F82991C24C3D75D00C2D311 = {
			isa = PBXGroup;
			children = (
				6F82992724C3D75D00C2D311 /* SampleDemo */,
				6F82993E24C3D76400C2D311 /* SampleDemoTests */,
				6F82994924C3D76400C2D311 /* SampleDemoUITests */,
				6F82992624C3D75D00C2D311 /* Products */,
			);
			sourceTree = "<group>";
		};
		6F82992624C3D75D00C2D311 /* Products */ = {
			isa = PBXGroup;
			children = (
				6F82992524C3D75D00C2D311 /* SampleDemo.app */,
				6F82993B24C3D76400C2D311 /* SampleDemoTests.xctest */,
				6F82994624C3D76400C2D311 /* SampleDemoUITests.xctest */,
			);
			name = Products;
			sourceTree = "<group>";
		};
		6F82992724C3D75D00C2D311 /* SampleDemo */ = {
			isa = PBXGroup;
			children = (
				6F82992824C3D75D00C2D311 /* AppDelegate.swift */,
				6F82995824C3D97F00C2D311 /* ViewController.swift */,
				6F82992E24C3D76300C2D311 /* Assets.xcassets */,
				6F82993624C3D76400C2D311 /* Info.plist */,
				6F82993024C3D76400C2D311 /* Preview Content */,
			);
			path = SampleDemo;
			sourceTree = "<group>";
		};
		6F82993024C3D76400C2D311 /* Preview Content */ = {
			isa = PBXGroup;
			children = (
				6F82993124C3D76400C2D311 /* Preview Assets.xcassets */,
			);
			path = "Preview Content";
			sourceTree = "<group>";
		};
		6F82993E24C3D76400C2D311 /* SampleDemoTests */ = {
			isa = PBXGroup;
			children = (
				6F82993F24C3D76400C2D311 /* SampleDemoTests.swift */,
				6F82994124C3D76400C2D311 /* Info.plist */,
			);
			path = SampleDemoTests;
			sourceTree = "<group>";
		};
		6F82994924C3D76400C2D311 /* SampleDemoUITests */ = {
			isa = PBXGroup;
			children = (
				6F82994A24C3D76400C2D311 /* SampleDemoUITests.swift */,
				6F82994C24C3D76400C2D311 /* Info.plist */,
			);
			path = SampleDemoUITests;
			sourceTree = "<group>";
		};
/* End PBXGroup section */

/* Begin PBXNativeTarget section */
		6F82992424C3D75D00C2D311 /* SampleDemo */ = {
			isa = PBXNativeTarget;
			buildConfigurationList = 6F82994F24C3D76400C2D311 /* Build configuration list for PBXNativeTarget "SampleDemo" */;
			buildPhases = (
				6F82992124C3D75D00C2D311 /* Sources */,
				6F82992224C3D75D00C2D311 /* Frameworks */,
				6F82992324C3D75D00C2D311 /* Resources */,
			);
			buildRules = (
			);
			dependencies = (
			);
			name = SampleDemo;
			productName = SampleDemo;
			productReference = 6F82992524C3D75D00C2D311 /* SampleDemo.app */;
			productType = "com.apple.product-type.application";
		};
		6F82993A24C3D76400C2D311 /* SampleDemoTests */ = {
			isa = PBXNativeTarget;
			buildConfigurationList = 6F82995224C3D76400C2D311 /* Build configuration list for PBXNativeTarget "SampleDemoTests" */;
			buildPhases = (
				6F82993724C3D76400C2D311 /* Sources */,
				6F82993824C3D76400C2D311 /* Frameworks */,
				6F82993924C3D76400C2D311 /* Resources */,
			);
			buildRules = (
			);
			dependencies = (
				6F82993D24C3D76400C2D311 /* PBXTargetDependency */,
			);
			name = SampleDemoTests;
			productName = SampleDemoTests;
			productReference = 6F82993B24C3D76400C2D311 /* SampleDemoTests.xctest */;
			productType = "com.apple.product-type.bundle.unit-test";
		};
		6F82994524C3D76400C2D311 /* SampleDemoUITests */ = {
			isa = PBXNativeTarget;
			buildConfigurationList = 6F82995524C3D76400C2D311 /* Build configuration list for PBXNativeTarget "SampleDemoUITests" */;
			buildPhases = (
				6F82994224C3D76400C2D311 /* Sources */,
				6F82994324C3D76400C2D311 /* Frameworks */,
				6F82994424C3D76400C2D311 /* Resources */,
			);
			buildRules = (
			);
			dependencies = (
				6F82994824C3D76400C2D311 /* PBXTargetDependency */,
			);
			name = SampleDemoUITests;
			productName = SampleDemoUITests;
			productReference = 6F82994624C3D76400C2D311 /* SampleDemoUITests.xctest */;
			productType = "com.apple.product-type.bundle.ui-testing";
		};
/* End PBXNativeTarget section */

/* Begin PBXProject section */
		6F82991D24C3D75D00C2D311 /* Project object */ = {
			isa = PBXProject;
			attributes = {
				LastSwiftUpdateCheck = 1130;
				LastUpgradeCheck = 1130;
				ORGANIZATIONNAME = Atlas;
				TargetAttributes = {
					6F82992424C3D75D00C2D311 = {
						CreatedOnToolsVersion = 11.3;
					};
					6F82993A24C3D76400C2D311 = {
						CreatedOnToolsVersion = 11.3;
						TestTargetID = 6F82992424C3D75D00C2D311;
					};
					6F82994524C3D76400C2D311 = {
						CreatedOnToolsVersion = 11.3;
						TestTargetID = 6F82992424C3D75D00C2D311;
					};
				};
			};
			buildConfigurationList = 6F82992024C3D75D00C2D311 /* Build configuration list for PBXProject "SampleDemo" */;
			compatibilityVersion = "Xcode 9.3";
			developmentRegion = en;
			hasScannedForEncodings = 0;
			knownRegions = (
				en,
				Base,
			);
			mainGroup = 6F82991C24C3D75D00C2D311;
			productRefGroup = 6F82992624C3D75D00C2D311 /* Products */;
			projectDirPath = "";
			projectRoot = "";
			targets = (
				6F82992424C3D75D00C2D311 /* SampleDemo */,
				6F82993A24C3D76400C2D311 /* SampleDemoTests */,
				6F82994524C3D76400C2D311 /* SampleDemoUITests */,
			);
		};
/* End PBXProject section */

/* Begin PBXResourcesBuildPhase section */
		6F82992324C3D75D00C2D311 /* Resources */ = {
			isa = PBXResourcesBuildPhase;
			buildActionMask = 2147483647;
			files = (
				6F82993224C3D76400C2D311 /* Preview Assets.xcassets in Resources */,
				6F82992F24C3D76400C2D311 /* Assets.xcassets in Resources */,
			);
			runOnlyForDeploymentPostprocessing = 0;
		};
		6F82993924C3D76400C2D311 /* Resources */ = {
			isa = PBXResourcesBuildPhase;
			buildActionMask = 2147483647;
			files = (
			);
			runOnlyForDeploymentPostprocessing = 0;
		};
		6F82994424C3D76400C2D311 /* Resources */ = {
			isa = PBXResourcesBuildPhase;
			buildActionMask = 2147483647;
			files = (
			);
			runOnlyForDeploymentPostprocessing = 0;
		};
/* End PBXResourcesBuildPhase section */

/* Begin PBXSourcesBuildPhase section */
		6F82992124C3D75D00C2D311 /* Sources */ = {
			isa = PBXSourcesBuildPhase;
			buildActionMask = 2147483647;
			files = (
				6F82992924C3D75D00C2D311 /* AppDelegate.swift in Sources */,
				6F82995924C3D97F00C2D311 /* ViewController.swift in Sources */,
			);
			runOnlyForDeploymentPostprocessing = 0;
		};
		6F82993724C3D76400C2D311 /* Sources */ = {
			isa = PBXSourcesBuildPhase;
			buildActionMask = 2147483647;
			files = (
				6F82994024C3D76400C2D311 /* SampleDemoTests.swift in Sources */,
			);
			runOnlyForDeploymentPostprocessing = 0;
		};
		6F82994224C3D76400C2D311 /* Sources */ = {
			isa = PBXSourcesBuildPhase;
			buildActionMask = 2147483647;
			files = (
				6F82994B24C3D76400C2D311 /* SampleDemoUITests.swift in Sources */,
			);
			runOnlyForDeploymentPostprocessing = 0;
		};
/* End PBXSourcesBuildPhase section */

/* Begin PBXTargetDependency section */
		6F82993D24C3D76400C2D311 /* PBXTargetDependency */ = {
			isa = PBXTargetDependency;
			target = 6F82992424C3D75D00C2D311 /* SampleDemo */;
			targetProxy = 6F82993C24C3D76400C2D311 /* PBXContainerItemProxy */;
		};
		6F82994824C3D76400C2D311 /* PBXTargetDependency */ = {
			isa = PBXTargetDependency;
			target = 6F82992424C3D75D00C2D311 /* SampleDemo */;
			targetProxy = 6F82994724C3D76400C2D311 /* PBXContainerItemProxy */;
		};
/* End PBXTargetDependency section */

/* Begin XCBuildConfiguration section */
		6F82994D24C3D76400C2D311 /* Debug */ = {
			isa = XCBuildConfiguration;
			buildSettings = {
				ALWAYS_SEARCH_USER_PATHS = NO;
				CLANG_ANALYZER_NONNULL = YES;
				CLANG_ANALYZER_NUMBER_OBJECT_CONVERSION = YES_AGGRESSIVE;
				CLANG_CXX_LANGUAGE_STANDARD = "gnu++14";
				CLANG_CXX_LIBRARY = "libc++";
				CLANG_ENABLE_MODULES = YES;
				CLANG_ENABLE_OBJC_ARC = YES;
				CLANG_ENABLE_OBJC_WEAK = YES;
				CLANG_WARN_BLOCK_CAPTURE_AUTORELEASING = YES;
				CLANG_WARN_BOOL_CONVERSION = YES;
				CLANG_WARN_COMMA = YES;
				CLANG_WARN_CONSTANT_CONVERSION = YES;
				CLANG_WARN_DEPRECATED_OBJC_IMPLEMENTATIONS = YES;
				CLANG_WARN_DIRECT_OBJC_ISA_USAGE = YES_ERROR;
				CLANG_WARN_DOCUMENTATION_COMMENTS = YES;
				CLANG_WARN_EMPTY_BODY = YES;
				CLANG_WARN_ENUM_CONVERSION = YES;
				CLANG_WARN_INFINITE_RECURSION = YES;
				CLANG_WARN_INT_CONVERSION = YES;
				CLANG_WARN_NON_LITERAL_NULL_CONVERSION = YES;
				CLANG_WARN_OBJC_IMPLICIT_RETAIN_SELF = YES;
				CLANG_WARN_OBJC_LITERAL_CONVERSION = YES;
				CLANG_WARN_OBJC_ROOT_CLASS = YES_ERROR;
				CLANG_WARN_RANGE_LOOP_ANALYSIS = YES;
				CLANG_WARN_STRICT_PROTOTYPES = YES;
				CLANG_WARN_SUSPICIOUS_MOVE = YES;
				CLANG_WARN_UNGUARDED_AVAILABILITY = YES_AGGRESSIVE;
				CLANG_WARN_UNREACHABLE_CODE = YES;
				CLANG_WARN__DUPLICATE_METHOD_MATCH = YES;
				COPY_PHASE_STRIP = NO;
				DEBUG_INFORMATION_FORMAT = dwarf;
				ENABLE_STRICT_OBJC_MSGSEND = YES;
				ENABLE_TESTABILITY = YES;
				GCC_C_LANGUAGE_STANDARD = gnu11;
				GCC_DYNAMIC_NO_PIC = NO;
				GCC_NO_COMMON_BLOCKS = YES;
				GCC_OPTIMIZATION_LEVEL = 0;
				GCC_PREPROCESSOR_DEFINITIONS = (
					"DEBUG=1",
					"$(inherited)",
				);
				GCC_WARN_64_TO_32_BIT_CONVERSION = YES;
				GCC_WARN_ABOUT_RETURN_TYPE = YES_ERROR;
				GCC_WARN_UNDECLARED_SELECTOR = YES;
				GCC_WARN_UNINITIALIZED_AUTOS = YES_AGGRESSIVE;
				GCC_WARN_UNUSED_FUNCTION = YES;
				GCC_WARN_UNUSED_VARIABLE = YES;
				IPHONEOS_DEPLOYMENT_TARGET = 13.2;
				MTL_ENABLE_DEBUG_INFO = INCLUDE_SOURCE;
				MTL_FAST_MATH = YES;
				ONLY_ACTIVE_ARCH = YES;
				SDKROOT = iphoneos;
				SWIFT_ACTIVE_COMPILATION_CONDITIONS = DEBUG;
				SWIFT_OPTIMIZATION_LEVEL = "-Onone";
			};
			name = Debug;
		};
		6F82994E24C3D76400C2D311 /* Release */ = {
			isa = XCBuildConfiguration;
			buildSettings = {
				ALWAYS_SEARCH_USER_PATHS = NO;
				CLANG_ANALYZER_NONNULL = YES;
				CLANG_ANALYZER_NUMBER_OBJECT_CONVERSION = YES_AGGRESSIVE;
				CLANG_CXX_LANGUAGE_STANDARD = "gnu++14";
				CLANG_CXX_LIBRARY = "libc++";
				CLANG_ENABLE_MODULES = YES;
				CLANG_ENABLE_OBJC_ARC = YES;
				CLANG_ENABLE_OBJC_WEAK = YES;
				CLANG_WARN_BLOCK_CAPTURE_AUTORELEASING = YES;
				CLANG_WARN_BOOL_CONVERSION = YES;
				CLANG_WARN_COMMA = YES;
				CLANG_WARN_CONSTANT_CONVERSION = YES;
				CLANG_WARN_DEPRECATED_OBJC_IMPLEMENTATIONS = YES;
				CLANG_WARN_DIRECT_OBJC_ISA_USAGE = YES_ERROR;
				CLANG_WARN_DOCUMENTATION_COMMENTS = YES;
				CLANG_WARN_EMPTY_BODY = YES;
				CLANG_WARN_ENUM_CONVERSION = YES;
				CLANG_WARN_INFINITE_RECURSION = YES;
				CLANG_WARN_INT_CONVERSION = YES;
				CLANG_WARN_NON_LITERAL_NULL_CONVERSION = YES;
				CLANG_WARN_OBJC_IMPLICIT_RETAIN_SELF = YES;
				CLANG_WARN_OBJC_LITERAL_CONVERSION = YES;
				CLANG_WARN_OBJC_ROOT_CLASS = YES_ERROR;
				CLANG_WARN_RANGE_LOOP_ANALYSIS = YES;
				CLANG_WARN_STRICT_PROTOTYPES = YES;
				CLANG_WARN_SUSPICIOUS_MOVE = YES;
				CLANG_WARN_UNGUARDED_AVAILABILITY = YES_AGGRESSIVE;
				CLANG_WARN_UNREACHABLE_CODE = YES;
				CLANG_WARN__DUPLICATE_METHOD_MATCH = YES;
				COPY_PHASE_STRIP = NO;
				DEBUG_INFORMATION_FORMAT = "dwarf-with-dsym";
				ENABLE_NS_ASSERTIONS = NO;
				ENABLE_STRICT_OBJC_MSGSEND = YES;
				GCC_C_LANGUAGE_STANDARD = gnu11;
				GCC_NO_COMMON_BLOCKS = YES;
				GCC_WARN_64_TO_32_BIT_CONVERSION = YES;
				GCC_WARN_ABOUT_RETURN_TYPE = YES_ERROR;
				GCC_WARN_UNDECLARED_SELECTOR = YES;
				GCC_WARN_UNINITIALIZED_AUTOS = YES_AGGRESSIVE;
				GCC_WARN_UNUSED_FUNCTION = YES;
				GCC_WARN_UNUSED_VARIABLE = YES;
				IPHONEOS_DEPLOYMENT_TARGET = 13.2;
				MTL_ENABLE_DEBUG_INFO = NO;
				MTL_FAST_MATH = YES;
				SDKROOT = iphoneos;
				SWIFT_COMPILATION_MODE = wholemodule;
				SWIFT_OPTIMIZATION_LEVEL = "-O";
				VALIDATE_PRODUCT = YES;
			};
			name = Release;
		};
		6F82995024C3D76400C2D311 /* Debug */ = {
			isa = XCBuildConfiguration;
			buildSettings = {
				ASSETCATALOG_COMPILER_APPICON_NAME = AppIcon;
				CODE_SIGN_STYLE = Automatic;
				DEVELOPMENT_ASSET_PATHS = "\"SampleDemo/Preview Content\"";
				ENABLE_PREVIEWS = YES;
				INFOPLIST_FILE = SampleDemo/Info.plist;
				LD_RUNPATH_SEARCH_PATHS = (
					"$(inherited)",
					"@executable_path/Frameworks",
				);
				PRODUCT_BUNDLE_IDENTIFIER = com.SampleDemo.SampleDemo;
				PRODUCT_NAME = "$(TARGET_NAME)";
				SWIFT_VERSION = 5.0;
				TARGETED_DEVICE_FAMILY = "1,2";
			};
			name = Debug;
		};
		6F82995124C3D76400C2D311 /* Release */ = {
			isa = XCBuildConfiguration;
			buildSettings = {
				ASSETCATALOG_COMPILER_APPICON_NAME = AppIcon;
				CODE_SIGN_STYLE = Automatic;
				DEVELOPMENT_ASSET_PATHS = "\"SampleDemo/Preview Content\"";
				ENABLE_PREVIEWS = YES;
				INFOPLIST_FILE = SampleDemo/Info.plist;
				LD_RUNPATH_SEARCH_PATHS = (
					"$(inherited)",
					"@executable_path/Frameworks",
				);
				PRODUCT_BUNDLE_IDENTIFIER = com.SampleDemo.SampleDemo;
				PRODUCT_NAME = "$(TARGET_NAME)";
				SWIFT_VERSION = 5.0;
				TARGETED_DEVICE_FAMILY = "1,2";
			};
			name = Release;
		};
		6F82995324C3D76400C2D311 /* Debug */ = {
			isa = XCBuildConfiguration;
			buildSettings = {
				ALWAYS_EMBED_SWIFT_STANDARD_LIBRARIES = YES;
				BUNDLE_LOADER = "$(TEST_HOST)";
				CODE_SIGN_STYLE = Automatic;
				INFOPLIST_FILE = SampleDemoTests/Info.plist;
				IPHONEOS_DEPLOYMENT_TARGET = 13.2;
				LD_RUNPATH_SEARCH_PATHS = (
					"$(inherited)",
					"@executable_path/Frameworks",
					"@loader_path/Frameworks",
				);
				PRODUCT_BUNDLE_IDENTIFIER = com.SampleDemo.SampleDemoTests;
				PRODUCT_NAME = "$(TARGET_NAME)";
				SWIFT_VERSION = 5.0;
				TARGETED_DEVICE_FAMILY = "1,2";
				TEST_HOST = "$(BUILT_PRODUCTS_DIR)/SampleDemo.app/SampleDemo";
			};
			name = Debug;
		};
		6F82995424C3D76400C2D311 /* Release */ = {
			isa = XCBuildConfiguration;
			buildSettings = {
				ALWAYS_EMBED_SWIFT_STANDARD_LIBRARIES = YES;
				BUNDLE_LOADER = "$(TEST_HOST)";
				CODE_SIGN_STYLE = Automatic;
				INFOPLIST_FILE = SampleDemoTests/Info.plist;
				IPHONEOS_DEPLOYMENT_TARGET = 13.2;
				LD_RUNPATH_SEARCH_PATHS = (
					"$(inherited)",
					"@executable_path/Frameworks",
					"@loader_path/Frameworks",
				);
				PRODUCT_BUNDLE_IDENTIFIER = com.SampleDemo.SampleDemoTests;
				PRODUCT_NAME = "$(TARGET_NAME)";
				SWIFT_VERSION = 5.0;
				TARGETED_DEVICE_FAMILY = "1,2";
				TEST_HOST = "$(BUILT_PRODUCTS_DIR)/SampleDemo.app/SampleDemo";
			};
			name = Release;
		};
		6F82995624C3D76400C2D311 /* Debug */ = {
			isa = XCBuildConfiguration;
			buildSettings = {
				ALWAYS_EMBED_SWIFT_STANDARD_LIBRARIES = YES;
				CODE_SIGN_STYLE = Automatic;
				INFOPLIST_FILE = SampleDemoUITests/Info.plist;
				LD_RUNPATH_SEARCH_PATHS = (
					"$(inherited)",
					"@executable_path/Frameworks",
					"@loader_path/Frameworks",
				);
				PRODUCT_BUNDLE_IDENTIFIER = com.SampleDemo.SampleDemoUITests;
				PRODUCT_NAME = "$(TARGET_NAME)";
				SWIFT_VERSION = 5.0;
				TARGETED_DEVICE_FAMILY = "1,2";
				TEST_TARGET_NAME = SampleDemo;
			};
			name = Debug;
		};
		6F82995724C3D76400C2D311 /* Release */ = {
			isa = XCBuildConfiguration;
			buildSettings = {
				ALWAYS_EMBED_SWIFT_STANDARD_LIBRARIES = YES;
				CODE_SIGN_STYLE = Automatic;
				INFOPLIST_FILE = SampleDemoUITests/Info.plist;
				LD_RUNPATH_SEARCH_PATHS = (
					"$(inherited)",
					"@executable_path/Frameworks",
					"@loader_path/Frameworks",
				);
				PRODUCT_BUNDLE_IDENTIFIER = com.SampleDemo.SampleDemoUITests;
				PRODUCT_NAME = "$(TARGET_NAME)";
				SWIFT_VERSION = 5.0;
				TARGETED_DEVICE_FAMILY = "1,2";
				TEST_TARGET_NAME = SampleDemo;
			};
			name = Release;
		};
/* End XCBuildConfiguration section */

/* Begin XCConfigurationList section */
		6F82992024C3D75D00C2D311 /* Build configuration list for PBXProject "SampleDemo" */ = {
			isa = XCConfigurationList;
			buildConfigurations = (
				6F82994D24C3D76400C2D311 /* Debug */,
				6F82994E24C3D76400C2D311 /* Release */,
			);
			defaultConfigurationIsVisible = 0;
			defaultConfigurationName = Release;
		};
		6F82994F24C3D76400C2D311 /* Build configuration list for PBXNativeTarget "SampleDemo" */ = {
			isa = XCConfigurationList;
			buildConfigurations = (
				6F82995024C3D76400C2D311 /* Debug */,
				6F82995124C3D76400C2D311 /* Release */,
			);
			defaultConfigurationIsVisible = 0;
			defaultConfigurationName = Release;
		};
		6F82995224C3D76400C2D311 /* Build configuration list for PBXNativeTarget "SampleDemoTests" */ = {
			isa = XCConfigurationList;
			buildConfigurations = (
				6F82995324C3D76400C2D311 /* Debug */,
				6F82995424C3D76400C2D311 /* Release */,
			);
			defaultConfigurationIsVisible = 0;
			defaultConfigurationName = Release;
		};
		6F82995524C3D76400C2D311 /* Build configuration list for PBXNativeTarget "SampleDemoUITests" */ = {
			isa = XCConfigurationList;
			buildConfigurations = (
				6F82995624C3D76400C2D311 /* Debug */,
				6F82995724C3D76400C2D311 /* Release */,
			);
			defaultConfigurationIsVisible = 0;
			defaultConfigurationName = Release;
		};
/* End XCConfigurationList section */
	};
	rootObject = 6F82991D24C3D75D00C2D311 /* Project object */;
}
